
Microsoft Visual Studio Solution File, Format Version 12.00
# Visual Studio Version 16
VisualStudioVersion = 16.0.30621.155
MinimumVisualStudioVersion = 10.0.40219.1
Project("{FAE04EC0-301F-11D3-BF4B-00C04F79EFBC}") = "Week2Challenge", "Week2Challenge\Week2Challenge.csproj", "{3FA0A4B5-AFCA-4D6A-83C6-CAA1DF2AF054}"
EndProject
Global
	GlobalSection(SolutionConfigurationPlatforms) = preSolution
		Debug|Any CPU = Debug|Any CPU
		Release|Any CPU = Release|Any CPU
	EndGlobalSection
	GlobalSection(ProjectConfigurationPlatforms) = postSolution
		{3FA0A4B5-AFCA-4D6A-83C6-CAA1DF2AF054}.Debug|Any CPU.ActiveCfg = Debug|Any CPU
		{3FA0A4B5-AFCA-4D6A-83C6-CAA1DF2AF054}.Debug|Any CPU.Build.0 = Debug|Any CPU
		{3FA0A4B5-AFCA-4D6A-83C6-CAA1DF2AF054}.Release|Any CPU.ActiveCfg = Release|Any CPU
		{3FA0A4B5-AFCA-4D6A-83C6-CAA1DF2AF054}.Release|Any CPU.Build.0 = Release|Any CPU
	EndGlobalSection
	GlobalSection(SolutionProperties) = preSolution
		HideSolutionNode = FALSE
	EndGlobalSection
	GlobalSection(ExtensibilityGlobals) = postSolution
		SolutionGuid = {182D2621-C4A4-459B-A556-701B4A294987}
	EndGlobalSection
EndGlobal
